<?xml version="1.0" encoding="utf-8"?>
<Project ToolsVersion="4.0" xmlns="http://schemas.microsoft.com/developer/msbuild/2003">
  <ItemGroup>
    <Filter Include="源文件">
      <UniqueIdentifier>{4FC737F1-C7A5-4376-A066-2A32D752A2FF}</UniqueIdentifier>
      <Extensions>cpp;c;cc;cxx;c++;cppm;ixx;def;odl;idl;hpj;bat;asm;asmx</Extensions>
    </Filter>
    <Filter Include="头文件">
      <UniqueIdentifier>{93995380-89BD-4b04-88EB-625FBE52EBFB}</UniqueIdentifier>
      <Extensions>h;hh;hpp;hxx;h++;hm;inl;inc;ipp;xsd</Extensions>
    </Filter>
    <Filter Include="资源文件">
      <UniqueIdentifier>{67DA6AB6-F800-4c08-8B7A-83BB121AAD01}</UniqueIdentifier>
      <Extensions>rc;ico;cur;bmp;dlg;rc2;rct;bin;rgs;gif;jpg;jpeg;jpe;resx;tiff;tif;png;wav;mfcribbon-ms</Extensions>
    </Filter>
  </ItemGroup>
  <ItemGroup>
    <ClCompile Include="src\main.cpp">
      <Filter>源文件</Filter>
    </ClCompile>
    <ClCompile Include="src\Core\Window.cpp">
      <Filter>源文件</Filter>
    </ClCompile>
    <ClCompile Include="src\Core\GameClock.cpp">
      <Filter>源文件</Filter>
    </ClCompile>
    <ClCompile Include="src\Core\Engine.cpp">
      <Filter>源文件</Filter>
    </ClCompile>
    <ClCompile Include="src\Core\Game.cpp">
      <Filter>源文件</Filter>
    </ClCompile>
    <ClCompile Include="src\Core\Application.cpp">
      <Filter>源文件</Filter>
    </ClCompile>
    <ClCompile Include="src\Core\SceneManager.cpp">
      <Filter>源文件</Filter>
    </ClCompile>
    <ClCompile Include="src\Core\GameScene.cpp">
      <Filter>源文件</Filter>
    </ClCompile>
    <ClCompile Include="src\Resource\ResourceManager.cpp">
      <Filter>Resource</Filter>
    </ClCompile>
    <ClCompile Include="src\Event\EventBus.cpp">
      <Filter>Event</Filter>
    </ClCompile>
    <ClCompile Include="src\World\TileMap.cpp">
      <Filter>World</Filter>
    </ClCompile>
    <ClCompile Include="src\World\Camera.cpp">
      <Filter>World</Filter>
    </ClCompile>
    <ClCompile Include="src\World\Pathfinder.cpp">
      <Filter>World</Filter>
    </ClCompile>
    <ClCompile Include="src\Entity\Entity.cpp">
      <Filter>Entity</Filter>
    </ClCompile>
    <ClCompile Include="src\Entity\Building.cpp">
      <Filter>Entity</Filter>
    </ClCompile>
    <ClCompile Include="src\Entity\Unit.cpp">
      <Filter>Entity</Filter>
    </ClCompile>
    <ClCompile Include="src\AI\StateMachine.cpp">
      <Filter>AI</Filter>
    </ClCompile>
    <ClCompile Include="src\AI\States.cpp">
      <Filter>AI</Filter>
    </ClCompile>
    <ClCompile Include="src\Manager\SpawnManager.cpp">
      <Filter>Manager</Filter>
    </ClCompile>
    <ClCompile Include="src\UI\BuildMenu.cpp">
      <Filter>UI</Filter>
    </ClCompile>
  </ItemGroup>
  <ItemGroup>
    <ClInclude Include="include\Core\Window.h">
      <Filter>头文件</Filter>
    </ClInclude>
    <ClInclude Include="include\Core\GameClock.h">
      <Filter>头文件</Filter>
    </ClInclude>
    <ClInclude Include="include\Core\Engine.h">
      <Filter>头文件</Filter>
    </ClInclude>
    <ClInclude Include="include\Core\Game.h">
      <Filter>头文件</Filter>
    </ClInclude>
    <ClInclude Include="include\Core\Application.h">
      <Filter>头文件</Filter>
    </ClInclude>
    <ClInclude Include="include\Core\Scene.h">
      <Filter>头文件</Filter>
    </ClInclude>
    <ClInclude Include="include\Core\SceneManager.h">
      <Filter>头文件</Filter>
    </ClInclude>
    <ClInclude Include="include\Core\GameScene.h">
      <Filter>头文件</Filter>
    </ClInclude>
    <ClInclude Include="include\Resource\ResourceType.h">
      <Filter>Resource</Filter>
    </ClInclude>
    <ClInclude Include="include\Resource\ResourceCost.h">
      <Filter>Resource</Filter>
    </ClInclude>
    <ClInclude Include="include\Resource\ResourceManager.h">
      <Filter>Resource</Filter>
    </ClInclude>
    <ClInclude Include="include\Event\Event.h">
      <Filter>Event</Filter>
    </ClInclude>
    <ClInclude Include="include\Event\EventBus.h">
      <Filter>Event</Filter>
    </ClInclude>
    <ClInclude Include="include\Event\Events.h">
      <Filter>Event</Filter>
    </ClInclude>
    <ClInclude Include="include\World\Tile.h">
      <Filter>World</Filter>
    </ClInclude>
    <ClInclude Include="include\World\TileMap.h">
      <Filter>World</Filter>
    </ClInclude>
    <ClInclude Include="include\World\Camera.h">
      <Filter>World</Filter>
    </ClInclude>
    <ClInclude Include="include\World\Pathfinder.h">
      <Filter>World</Filter>
    </ClInclude>
    <ClInclude Include="include\Entity\Entity.h">
      <Filter>Entity</Filter>
    </ClInclude>
    <ClInclude Include="include\Entity\BuildingTypes.h">
      <Filter>Entity</Filter>
    </ClInclude>
    <ClInclude Include="include\Entity\Building.h">
      <Filter>Entity</Filter>
    </ClInclude>
    <ClInclude Include="include\Entity\Unit.h">
      <Filter>Entity</Filter>
    </ClInclude>
    <ClInclude Include="include\AI\IState.h">
      <Filter>AI</Filter>
    </ClInclude>
    <ClInclude Include="include\AI\StateMachine.h">
      <Filter>AI</Filter>
    </ClInclude>
    <ClInclude Include="include\AI\States.h">
      <Filter>AI</Filter>
    </ClInclude>
    <ClInclude Include="include\Manager\SpawnManager.h">
      <Filter>Manager</Filter>
    </ClInclude>
    <ClInclude Include="include\UI\BuildMenu.h">
      <Filter>UI</Filter>
    </ClInclude>
  </ItemGroup>
  <ItemGroup>
    <Filter Include="Resource">
      <UniqueIdentifier>{A1B2C3D4-E5F6-7890-ABCD-EF1234567890}</UniqueIdentifier>
    </Filter>
    <Filter Include="Event">
      <UniqueIdentifier>{B2C3D4E5-F6A7-8901-BCDE-F12345678901}</UniqueIdentifier>
    </Filter>
    <Filter Include="World">
      <UniqueIdentifier>{C3D4E5F6-A7B8-9012-CDEF-123456789012}</UniqueIdentifier>
    </Filter>
    <Filter Include="Entity">
      <UniqueIdentifier>{D4E5F6A7-B8C9-0123-DEFG-234567890123}</UniqueIdentifier>
    </Filter>
    <Filter Include="AI">
      <UniqueIdentifier>{E5F6A7B8-C9D0-1234-EFGH-345678901234}</UniqueIdentifier>
    </Filter>
    <Filter Include="Manager">
      <UniqueIdentifier>{F6A7B8C9-D0E1-2345-FGHI-456789012345}</UniqueIdentifier>
    </Filter>
    <Filter Include="UI">
      <UniqueIdentifier>{A7B8C9D0-E1F2-3456-GHIJ-567890123456}</UniqueIdentifier>
    </Filter>
  </ItemGroup>
</Project>